
Microsoft Visual Studio Solution File, Format Version 11.00
# Visual Studio 2010
Project("{FAE04EC0-301F-11D3-BF4B-00C04F79EFBC}") = "PADECosmicRay", "PADECosmicRay.csproj", "{D7F863B5-5214-40FC-AFF4-F434A2650977}"
EndProject
Global
	GlobalSection(SolutionConfigurationPlatforms) = preSolution
		Debug|x86 = Debug|x86
		Release|x86 = Release|x86
	EndGlobalSection
	GlobalSection(ProjectConfigurationPlatforms) = postSolution
		{D7F863B5-5214-40FC-AFF4-F434A2650977}.Debug|x86.ActiveCfg = Debug|x86
		{D7F863B5-5214-40FC-AFF4-F434A2650977}.Debug|x86.Build.0 = Debug|x86
		{D7F863B5-5214-40FC-AFF4-F434A2650977}.Release|x86.ActiveCfg = Release|x86
		{D7F863B5-5214-40FC-AFF4-F434A2650977}.Release|x86.Build.0 = Release|x86
	EndGlobalSection
EndGlobal
